# This file was autogenerated by Stack.
# You should not edit this file by hand.
# For more information, please see the documentation at:
#   https://docs.haskellstack.org/en/stable/lock_files

packages:
  - completed:
      hackage: grisette-0.3.1.0@sha256:3a654fad40f3543ccdf5c48ead2886acdee3a4e20a6a97ca3e6a1140c5498dde,8287
      pantry-tree:
        sha256: d547e23ea95ad9ef1211bd42309c2414214c72418657ca391494f606aac5573d
        size: 9310
    original:
      hackage: grisette-0.3.1.0
snapshots:
  - completed:
      sha256: 64d66303f927e87ffe6b8ccf736229bf608731e80d7afdf62bdd63c59f857740
      size: 640037
      url: https://raw.githubusercontent.com/commercialhaskell/stackage-snapshots/master/lts/21/11.yaml
    original: lts-21.11
