# This file was autogenerated by Stack.
# You should not edit this file by hand.
# For more information, please see the documentation at:
#   https://docs.haskellstack.org/en/stable/lock_files

packages:
- completed:
    commit: 2155556a777fc82d0c5b813d0c8171f079a15d7e
    git: https://github.com/lsrcz/grisette
    name: grisette
    pantry-tree:
      sha256: 203452fc4321cd327ed7b602cd6f8056f3a71e3013927b05143e5cbcea5cc03b
      size: 13391
    version: 0.3.1.1
  original:
    commit: 2155556a777fc82d0c5b813d0c8171f079a15d7e
    git: https://github.com/lsrcz/grisette
- completed:
    hackage: quickcheck-with-counterexamples-1.2@sha256:d322d79008602df26f5eb4e1379e5b58bf1a92604df8601e71e200cfc3e847a3,1688
    pantry-tree:
      sha256: 0046517e3cc2adebfce19d4aad05a06dcf55ec9e572fa1c661ba9abe81386484
      size: 724
  original:
    hackage: quickcheck-with-counterexamples-1.2
snapshots:
- completed:
    sha256: 64d66303f927e87ffe6b8ccf736229bf608731e80d7afdf62bdd63c59f857740
    size: 640037
    url: https://raw.githubusercontent.com/commercialhaskell/stackage-snapshots/master/lts/21/11.yaml
  original: lts-21.11
